Microsoft Visual Studio Solution File, Format Version 11.00
# Visual Studio 2008

Project("{1B6A29CB-DCD5-CE6A-32A1-55908F3846CB}") = "TheModeratelyHungryDiabetic", "Assembly-CSharp.csproj", "{F4B91FB2-576C-2880-72E1-414CC6A67611}"
EndProject
Global
	GlobalSection(SolutionConfigurationPlatforms) = preSolution
		Debug|Any CPU = Debug|Any CPU
		Release|Any CPU = Release|Any CPU
	EndGlobalSection
	GlobalSection(ProjectConfigurationPlatforms) = postSolution
		{F4B91FB2-576C-2880-72E1-414CC6A67611}.Debug|Any CPU.ActiveCfg = Debug|Any CPU
		{F4B91FB2-576C-2880-72E1-414CC6A67611}.Debug|Any CPU.Build.0 = Debug|Any CPU
		{F4B91FB2-576C-2880-72E1-414CC6A67611}.Release|Any CPU.ActiveCfg = Release|Any CPU
		{F4B91FB2-576C-2880-72E1-414CC6A67611}.Release|Any CPU.Build.0 = Release|Any CPU
	EndGlobalSection
	GlobalSection(SolutionProperties) = preSolution
		HideSolutionNode = FALSE
	EndGlobalSection
	GlobalSection(MonoDevelopProperties) = preSolution
		StartupItem = Assembly-CSharp.csproj
	EndGlobalSection
EndGlobal
